
Microsoft Visual Studio Solution File, Format Version 12.00
# Visual Studio Version 17
VisualStudioVersion = 17.13.35825.156 d17.13
MinimumVisualStudioVersion = 10.0.40219.1
Project("{FAE04EC0-301F-11D3-BF4B-00C04F79EFBC}") = "Multiplicador", "Multiplicador\Multiplicador.csproj", "{0DD83063-0D0C-4E51-9C0D-C8D16989C312}"
EndProject
Global
	GlobalSection(SolutionConfigurationPlatforms) = preSolution
		Debug|Any CPU = Debug|Any CPU
		Release|Any CPU = Release|Any CPU
	EndGlobalSection
	GlobalSection(ProjectConfigurationPlatforms) = postSolution
		{0DD83063-0D0C-4E51-9C0D-C8D16989C312}.Debug|Any CPU.ActiveCfg = Debug|Any CPU
		{0DD83063-0D0C-4E51-9C0D-C8D16989C312}.Debug|Any CPU.Build.0 = Debug|Any CPU
		{0DD83063-0D0C-4E51-9C0D-C8D16989C312}.Release|Any CPU.ActiveCfg = Release|Any CPU
		{0DD83063-0D0C-4E51-9C0D-C8D16989C312}.Release|Any CPU.Build.0 = Release|Any CPU
	EndGlobalSection
	GlobalSection(SolutionProperties) = preSolution
		HideSolutionNode = FALSE
	EndGlobalSection
	GlobalSection(ExtensibilityGlobals) = postSolution
		SolutionGuid = {464A2AF7-9C87-4167-BFAF-5082DEA91F9B}
	EndGlobalSection
EndGlobal
