
Microsoft Visual Studio Solution File, Format Version 12.00
# Visual Studio Version 17
VisualStudioVersion = 17.13.35825.156 d17.13
MinimumVisualStudioVersion = 10.0.40219.1
Project("{FAE04EC0-301F-11D3-BF4B-00C04F79EFBC}") = "Tipo De Triangulo", "Tipo De Triangulo\Tipo De Triangulo.csproj", "{DE45C291-44D3-4BBE-9297-3C7855EDDE0F}"
EndProject
Global
	GlobalSection(SolutionConfigurationPlatforms) = preSolution
		Debug|Any CPU = Debug|Any CPU
		Release|Any CPU = Release|Any CPU
	EndGlobalSection
	GlobalSection(ProjectConfigurationPlatforms) = postSolution
		{DE45C291-44D3-4BBE-9297-3C7855EDDE0F}.Debug|Any CPU.ActiveCfg = Debug|Any CPU
		{DE45C291-44D3-4BBE-9297-3C7855EDDE0F}.Debug|Any CPU.Build.0 = Debug|Any CPU
		{DE45C291-44D3-4BBE-9297-3C7855EDDE0F}.Release|Any CPU.ActiveCfg = Release|Any CPU
		{DE45C291-44D3-4BBE-9297-3C7855EDDE0F}.Release|Any CPU.Build.0 = Release|Any CPU
	EndGlobalSection
	GlobalSection(SolutionProperties) = preSolution
		HideSolutionNode = FALSE
	EndGlobalSection
	GlobalSection(ExtensibilityGlobals) = postSolution
		SolutionGuid = {E70AF047-EB17-4182-9B58-AEDA20570987}
	EndGlobalSection
EndGlobal
