
Microsoft Visual Studio Solution File, Format Version 12.00
# Visual Studio Version 17
VisualStudioVersion = 17.13.35825.156 d17.13
MinimumVisualStudioVersion = 10.0.40219.1
Project("{FAE04EC0-301F-11D3-BF4B-00C04F79EFBC}") = "AreaDeUnTriangulo", "AreaDeUnTriangulo\AreaDeUnTriangulo.csproj", "{0DD2FCAE-8565-4841-83E4-5EAE83C29976}"
EndProject
Global
	GlobalSection(SolutionConfigurationPlatforms) = preSolution
		Debug|Any CPU = Debug|Any CPU
		Release|Any CPU = Release|Any CPU
	EndGlobalSection
	GlobalSection(ProjectConfigurationPlatforms) = postSolution
		{0DD2FCAE-8565-4841-83E4-5EAE83C29976}.Debug|Any CPU.ActiveCfg = Debug|Any CPU
		{0DD2FCAE-8565-4841-83E4-5EAE83C29976}.Debug|Any CPU.Build.0 = Debug|Any CPU
		{0DD2FCAE-8565-4841-83E4-5EAE83C29976}.Release|Any CPU.ActiveCfg = Release|Any CPU
		{0DD2FCAE-8565-4841-83E4-5EAE83C29976}.Release|Any CPU.Build.0 = Release|Any CPU
	EndGlobalSection
	GlobalSection(SolutionProperties) = preSolution
		HideSolutionNode = FALSE
	EndGlobalSection
	GlobalSection(ExtensibilityGlobals) = postSolution
		SolutionGuid = {DD780ECC-644C-4F6C-85BA-121002D3BC7D}
	EndGlobalSection
EndGlobal
